{
  "name": "miniprogram-2",
  "version": "1.0.0",
  "lockfileVersion": 1,
  "requires": true,
  "dependencies": {
    "@we-debug/core": {
      "version": "0.3.5",
      "resolved": "https://registry.npm.taobao.org/@we-debug/core/download/@we-debug/core-0.3.5.tgz",
      "integrity": "sha1-MF0b8aStWCsiKQAgpPY3hlNapNQ=",
      "requires": {
        "@we-debug/plugin-error": "^0.1.6",
        "@we-debug/plugin-launcher": "^0.1.1",
        "@we-debug/plugin-network": "^0.1.5",
        "@we-debug/plugin-router": "^0.1.4",
        "deepmerge": "^4.2.2"
      }
    },
    "@we-debug/plugin-error": {
      "version": "0.1.6",
      "resolved": "https://registry.npm.taobao.org/@we-debug/plugin-error/download/@we-debug/plugin-error-0.1.6.tgz",
      "integrity": "sha1-vyUI8ihxIf82W1gQM7pWXQ5WSms="
    },
    "@we-debug/plugin-launcher": {
      "version": "0.1.1",
      "resolved": "https://registry.npm.taobao.org/@we-debug/plugin-launcher/download/@we-debug/plugin-launcher-0.1.1.tgz",
      "integrity": "sha1-wn17tQwjd4Xb5VK+FYb2SUHo0/k="
    },
    "@we-debug/plugin-network": {
      "version": "0.1.5",
      "resolved": "https://registry.npm.taobao.org/@we-debug/plugin-network/download/@we-debug/plugin-network-0.1.5.tgz",
      "integrity": "sha1-/HXt0baZvxVAPxF0U8yk5cdFr7U="
    },
    "@we-debug/plugin-router": {
      "version": "0.1.4",
      "resolved": "https://registry.npm.taobao.org/@we-debug/plugin-router/download/@we-debug/plugin-router-0.1.4.tgz",
      "integrity": "sha1-wKb1nKr4rqztDuheg+L5grDofQs="
    },
    "deepmerge": {
      "version": "4.2.2",
      "resolved": "https://registry.npm.taobao.org/deepmerge/download/deepmerge-4.2.2.tgz",
      "integrity": "sha1-RNLqNnm49NT/ujPwPYZfwee/SVU="
    }
  }
}
